
Microsoft Visual Studio Solution File, Format Version 12.00
# Visual Studio Version 17
VisualStudioVersion = 17.3.32929.385
MinimumVisualStudioVersion = 10.0.40219.1
Project("{FAE04EC0-301F-11D3-BF4B-00C04F79EFBC}") = "FoodShop", "FoodShop\FoodShop.csproj", "{FE3D8393-F0A2-4AAA-B722-EBD2797B3A3A}"
EndProject
Project("{FAE04EC0-301F-11D3-BF4B-00C04F79EFBC}") = "RepositryPattern.Core", "RepositryPattern.Core\RepositryPattern.Core.csproj", "{553F31CC-694D-4B83-BFD5-77C078F65D09}"
EndProject
Project("{FAE04EC0-301F-11D3-BF4B-00C04F79EFBC}") = "RepositryPattern.EF", "RepositryPattern.EF\RepositryPattern.EF.csproj", "{53D6846B-40CE-4DC3-97C8-5A23A3FDE634}"
EndProject
Global
	GlobalSection(SolutionConfigurationPlatforms) = preSolution
		Debug|Any CPU = Debug|Any CPU
		Release|Any CPU = Release|Any CPU
	EndGlobalSection
	GlobalSection(ProjectConfigurationPlatforms) = postSolution
		{FE3D8393-F0A2-4AAA-B722-EBD2797B3A3A}.Debug|Any CPU.ActiveCfg = Debug|Any CPU
		{FE3D8393-F0A2-4AAA-B722-EBD2797B3A3A}.Debug|Any CPU.Build.0 = Debug|Any CPU
		{FE3D8393-F0A2-4AAA-B722-EBD2797B3A3A}.Release|Any CPU.ActiveCfg = Release|Any CPU
		{FE3D8393-F0A2-4AAA-B722-EBD2797B3A3A}.Release|Any CPU.Build.0 = Release|Any CPU
		{553F31CC-694D-4B83-BFD5-77C078F65D09}.Debug|Any CPU.ActiveCfg = Debug|Any CPU
		{553F31CC-694D-4B83-BFD5-77C078F65D09}.Debug|Any CPU.Build.0 = Debug|Any CPU
		{553F31CC-694D-4B83-BFD5-77C078F65D09}.Release|Any CPU.ActiveCfg = Release|Any CPU
		{553F31CC-694D-4B83-BFD5-77C078F65D09}.Release|Any CPU.Build.0 = Release|Any CPU
		{53D6846B-40CE-4DC3-97C8-5A23A3FDE634}.Debug|Any CPU.ActiveCfg = Debug|Any CPU
		{53D6846B-40CE-4DC3-97C8-5A23A3FDE634}.Debug|Any CPU.Build.0 = Debug|Any CPU
		{53D6846B-40CE-4DC3-97C8-5A23A3FDE634}.Release|Any CPU.ActiveCfg = Release|Any CPU
		{53D6846B-40CE-4DC3-97C8-5A23A3FDE634}.Release|Any CPU.Build.0 = Release|Any CPU
	EndGlobalSection
	GlobalSection(SolutionProperties) = preSolution
		HideSolutionNode = FALSE
	EndGlobalSection
	GlobalSection(ExtensibilityGlobals) = postSolution
		SolutionGuid = {AE467BBC-228B-4C4F-9FBF-4B7E8D53421E}
	EndGlobalSection
EndGlobal
